// !$*UTF8*$!
{
	archiveVersion = 1;
	classes = {
	};
	objectVersion = 46;
	objects = {

/* Begin PBXBuildFile section */
		D7242F041D074114007CBEAE /* AppDelegate.swift in Sources */ = {isa = PBXBuildFile; fileRef = D7242F031D074114007CBEAE /* AppDelegate.swift */; };
		D7242F061D074114007CBEAE /* ViewController.swift in Sources */ = {isa = PBXBuildFile; fileRef = D7242F051D074114007CBEAE /* ViewController.swift */; };
		D7242F091D074114007CBEAE /* Main.storyboard in Resources */ = {isa = PBXBuildFile; fileRef = D7242F071D074114007CBEAE /* Main.storyboard */; };
		D7242F0B1D074114007CBEAE /* Assets.xcassets in Resources */ = {isa = PBXBuildFile; fileRef = D7242F0A1D074114007CBEAE /* Assets.xcassets */; };
		D7242F0E1D074114007CBEAE /* LaunchScreen.storyboard in Resources */ = {isa = PBXBuildFile; fileRef = D7242F0C1D074114007CBEAE /* LaunchScreen.storyboard */; };
		D7242F161D07580C007CBEAE /* Minecraft.ttf in Resources */ = {isa = PBXBuildFile; fileRef = D7242F151D07580C007CBEAE /* Minecraft.ttf */; };
		D7242F181D0758C4007CBEAE /* Calculator.ttf in Resources */ = {isa = PBXBuildFile; fileRef = D7242F171D0758C4007CBEAE /* Calculator.ttf */; };
		D7242F1A1D08B1D4007CBEAE /* btn.wav in Resources */ = {isa = PBXBuildFile; fileRef = D7242F191D08B1D4007CBEAE /* btn.wav */; };
		D7242F1C1D09BE66007CBEAE /* btn_push.wav in Resources */ = {isa = PBXBuildFile; fileRef = D7242F1B1D09BE66007CBEAE /* btn_push.wav */; };
		D7242F1E1D09CA0C007CBEAE /* button4.wav in Resources */ = {isa = PBXBuildFile; fileRef = D7242F1D1D09CA0C007CBEAE /* button4.wav */; };
/* End PBXBuildFile section */

/* Begin PBXFileReference section */
		D7242F001D074114007CBEAE /* retroCalculator.app */ = {isa = PBXFileReference; explicitFileType = wrapper.application; includeInIndex = 0; path = retroCalculator.app; sourceTree = BUILT_PRODUCTS_DIR; };
		D7242F031D074114007CBEAE /* AppDelegate.swift */ = {isa = PBXFileReference; lastKnownFileType = sourcecode.swift; path = AppDelegate.swift; sourceTree = "<group>"; };
		D7242F051D074114007CBEAE /* ViewController.swift */ = {isa = PBXFileReference; lastKnownFileType = sourcecode.swift; path = ViewController.swift; sourceTree = "<group>"; };
		D7242F081D074114007CBEAE /* Base */ = {isa = PBXFileReference; lastKnownFileType = file.storyboard; name = Base; path = Base.lproj/Main.storyboard; sourceTree = "<group>"; };
		D7242F0A1D074114007CBEAE /* Assets.xcassets */ = {isa = PBXFileReference; lastKnownFileType = folder.assetcatalog; path = Assets.xcassets; sourceTree = "<group>"; };
		D7242F0D1D074114007CBEAE /* Base */ = {isa = PBXFileReference; lastKnownFileType = file.storyboard; name = Base; path = Base.lproj/LaunchScreen.storyboard; sourceTree = "<group>"; };
		D7242F0F1D074114007CBEAE /* Info.plist */ = {isa = PBXFileReference; lastKnownFileType = text.plist.xml; path = Info.plist; sourceTree = "<group>"; };
		D7242F151D07580C007CBEAE /* Minecraft.ttf */ = {isa = PBXFileReference; lastKnownFileType = file; path = Minecraft.ttf; sourceTree = "<group>"; };
		D7242F171D0758C4007CBEAE /* Calculator.ttf */ = {isa = PBXFileReference; lastKnownFileType = file; path = Calculator.ttf; sourceTree = "<group>"; };
		D7242F191D08B1D4007CBEAE /* btn.wav */ = {isa = PBXFileReference; lastKnownFileType = audio.wav; path = btn.wav; sourceTree = "<group>"; };
		D7242F1B1D09BE66007CBEAE /* btn_push.wav */ = {isa = PBXFileReference; lastKnownFileType = audio.wav; path = btn_push.wav; sourceTree = "<group>"; };
		D7242F1D1D09CA0C007CBEAE /* button4.wav */ = {isa = PBXFileReference; lastKnownFileType = audio.wav; path = button4.wav; sourceTree = "<group>"; };
/* End PBXFileReference section */

/* Begin PBXFrameworksBuildPhase section */
		D7242EFD1D074114007CBEAE /* Frameworks */ = {
			isa = PBXFrameworksBuildPhase;
			buildActionMask = 2147483647;
			files = (
			);
			runOnlyForDeploymentPostprocessing = 0;
		};
/* End PBXFrameworksBuildPhase section */

/* Begin PBXGroup section */
		D7242EF71D074114007CBEAE = {
			isa = PBXGroup;
			children = (
				D7242F021D074114007CBEAE /* retroCalculator */,
				D7242F011D074114007CBEAE /* Products */,
			);
			sourceTree = "<group>";
		};
		D7242F011D074114007CBEAE /* Products */ = {
			isa = PBXGroup;
			children = (
				D7242F001D074114007CBEAE /* retroCalculator.app */,
			);
			name = Products;
			sourceTree = "<group>";
		};
		D7242F021D074114007CBEAE /* retroCalculator */ = {
			isa = PBXGroup;
			children = (
				D7242F151D07580C007CBEAE /* Minecraft.ttf */,
				D7242F171D0758C4007CBEAE /* Calculator.ttf */,
				D7242F191D08B1D4007CBEAE /* btn.wav */,
				D7242F1B1D09BE66007CBEAE /* btn_push.wav */,
				D7242F1D1D09CA0C007CBEAE /* button4.wav */,
				D7242F031D074114007CBEAE /* AppDelegate.swift */,
				D7242F051D074114007CBEAE /* ViewController.swift */,
				D7242F071D074114007CBEAE /* Main.storyboard */,
				D7242F0A1D074114007CBEAE /* Assets.xcassets */,
				D7242F0C1D074114007CBEAE /* LaunchScreen.storyboard */,
				D7242F0F1D074114007CBEAE /* Info.plist */,
			);
			path = retroCalculator;
			sourceTree = "<group>";
		};
/* End PBXGroup section */

/* Begin PBXNativeTarget section */
		D7242EFF1D074114007CBEAE /* retroCalculator */ = {
			isa = PBXNativeTarget;
			buildConfigurationList = D7242F121D074114007CBEAE /* Build configuration list for PBXNativeTarget "retroCalculator" */;
			buildPhases = (
				D7242EFC1D074114007CBEAE /* Sources */,
				D7242EFD1D074114007CBEAE /* Frameworks */,
				D7242EFE1D074114007CBEAE /* Resources */,
			);
			buildRules = (
			);
			dependencies = (
			);
			name = retroCalculator;
			productName = retroCalculator;
			productReference = D7242F001D074114007CBEAE /* retroCalculator.app */;
			productType = "com.apple.product-type.application";
		};
/* End PBXNativeTarget section */

/* Begin PBXProject section */
		D7242EF81D074114007CBEAE /* Project object */ = {
			isa = PBXProject;
			attributes = {
				LastSwiftUpdateCheck = 0730;
				LastUpgradeCheck = 0730;
				ORGANIZATIONNAME = "Loop-Loc";
				TargetAttributes = {
					D7242EFF1D074114007CBEAE = {
						CreatedOnToolsVersion = 7.3.1;
					};
				};
			};
			buildConfigurationList = D7242EFB1D074114007CBEAE /* Build configuration list for PBXProject "retroCalculator" */;
			compatibilityVersion = "Xcode 3.2";
			developmentRegion = English;
			hasScannedForEncodings = 0;
			knownRegions = (
				en,
				Base,
			);
			mainGroup = D7242EF71D074114007CBEAE;
			productRefGroup = D7242F011D074114007CBEAE /* Products */;
			projectDirPath = "";
			projectRoot = "";
			targets = (
				D7242EFF1D074114007CBEAE /* retroCalculator */,
			);
		};
/* End PBXProject section */

/* Begin PBXResourcesBuildPhase section */
		D7242EFE1D074114007CBEAE /* Resources */ = {
			isa = PBXResourcesBuildPhase;
			buildActionMask = 2147483647;
			files = (
				D7242F0E1D074114007CBEAE /* LaunchScreen.storyboard in Resources */,
				D7242F0B1D074114007CBEAE /* Assets.xcassets in Resources */,
				D7242F1C1D09BE66007CBEAE /* btn_push.wav in Resources */,
				D7242F161D07580C007CBEAE /* Minecraft.ttf in Resources */,
				D7242F1A1D08B1D4007CBEAE /* btn.wav in Resources */,
				D7242F181D0758C4007CBEAE /* Calculator.ttf in Resources */,
				D7242F091D074114007CBEAE /* Main.storyboard in Resources */,
				D7242F1E1D09CA0C007CBEAE /* button4.wav in Resources */,
			);
			runOnlyForDeploymentPostprocessing = 0;
		};
/* End PBXResourcesBuildPhase section */

/* Begin PBXSourcesBuildPhase section */
		D7242EFC1D074114007CBEAE /* Sources */ = {
			isa = PBXSourcesBuildPhase;
			buildActionMask = 2147483647;
			files = (
				D7242F061D074114007CBEAE /* ViewController.swift in Sources */,
				D7242F041D074114007CBEAE /* AppDelegate.swift in Sources */,
			);
			runOnlyForDeploymentPostprocessing = 0;
		};
/* End PBXSourcesBuildPhase section */

/* Begin PBXVariantGroup section */
		D7242F071D074114007CBEAE /* Main.storyboard */ = {
			isa = PBXVariantGroup;
			children = (
				D7242F081D074114007CBEAE /* Base */,
			);
			name = Main.storyboard;
			sourceTree = "<group>";
		};
		D7242F0C1D074114007CBEAE /* LaunchScreen.storyboard */ = {
			isa = PBXVariantGroup;
			children = (
				D7242F0D1D074114007CBEAE /* Base */,
			);
			name = LaunchScreen.storyboard;
			sourceTree = "<group>";
		};
/* End PBXVariantGroup section */

/* Begin XCBuildConfiguration section */
		D7242F101D074114007CBEAE /* Debug */ = {
			isa = XCBuildConfiguration;
			buildSettings = {
				ALWAYS_SEARCH_USER_PATHS = NO;
				CLANG_ANALYZER_NONNULL = YES;
				CLANG_CXX_LANGUAGE_STANDARD = "gnu++0x";
				CLANG_CXX_LIBRARY = "libc++";
				CLANG_ENABLE_MODULES = YES;
				CLANG_ENABLE_OBJC_ARC = YES;
				CLANG_WARN_BOOL_CONVERSION = YES;
				CLANG_WARN_CONSTANT_CONVERSION = YES;
				CLANG_WARN_DIRECT_OBJC_ISA_USAGE = YES_ERROR;
				CLANG_WARN_EMPTY_BODY = YES;
				CLANG_WARN_ENUM_CONVERSION = YES;
				CLANG_WARN_INT_CONVERSION = YES;
				CLANG_WARN_OBJC_ROOT_CLASS = YES_ERROR;
				CLANG_WARN_UNREACHABLE_CODE = YES;
				CLANG_WARN__DUPLICATE_METHOD_MATCH = YES;
				"CODE_SIGN_IDENTITY[sdk=iphoneos*]" = "iPhone Developer";
				COPY_PHASE_STRIP = NO;
				DEBUG_INFORMATION_FORMAT = dwarf;
				ENABLE_STRICT_OBJC_MSGSEND = YES;
				ENABLE_TESTABILITY = YES;
				GCC_C_LANGUAGE_STANDARD = gnu99;
				GCC_DYNAMIC_NO_PIC = NO;
				GCC_NO_COMMON_BLOCKS = YES;
				GCC_OPTIMIZATION_LEVEL = 0;
				GCC_PREPROCESSOR_DEFINITIONS = (
					"DEBUG=1",
					"$(inherited)",
				);
				GCC_WARN_64_TO_32_BIT_CONVERSION = YES;
				GCC_WARN_ABOUT_RETURN_TYPE = YES_ERROR;
				GCC_WARN_UNDECLARED_SELECTOR = YES;
				GCC_WARN_UNINITIALIZED_AUTOS = YES_AGGRESSIVE;
				GCC_WARN_UNUSED_FUNCTION = YES;
				GCC_WARN_UNUSED_VARIABLE = YES;
				IPHONEOS_DEPLOYMENT_TARGET = 9.3;
				MTL_ENABLE_DEBUG_INFO = YES;
				ONLY_ACTIVE_ARCH = YES;
				SDKROOT = iphoneos;
				SWIFT_OPTIMIZATION_LEVEL = "-Onone";
			};
			name = Debug;
		};
		D7242F111D074114007CBEAE /* Release */ = {
			isa = XCBuildConfiguration;
			buildSettings = {
				ALWAYS_SEARCH_USER_PATHS = NO;
				CLANG_ANALYZER_NONNULL = YES;
				CLANG_CXX_LANGUAGE_STANDARD = "gnu++0x";
				CLANG_CXX_LIBRARY = "libc++";
				CLANG_ENABLE_MODULES = YES;
				CLANG_ENABLE_OBJC_ARC = YES;
				CLANG_WARN_BOOL_CONVERSION = YES;
				CLANG_WARN_CONSTANT_CONVERSION = YES;
				CLANG_WARN_DIRECT_OBJC_ISA_USAGE = YES_ERROR;
				CLANG_WARN_EMPTY_BODY = YES;
				CLANG_WARN_ENUM_CONVERSION = YES;
				CLANG_WARN_INT_CONVERSION = YES;
				CLANG_WARN_OBJC_ROOT_CLASS = YES_ERROR;
				CLANG_WARN_UNREACHABLE_CODE = YES;
				CLANG_WARN__DUPLICATE_METHOD_MATCH = YES;
				"CODE_SIGN_IDENTITY[sdk=iphoneos*]" = "iPhone Developer";
				COPY_PHASE_STRIP = NO;
				DEBUG_INFORMATION_FORMAT = "dwarf-with-dsym";
				ENABLE_NS_ASSERTIONS = NO;
				ENABLE_STRICT_OBJC_MSGSEND = YES;
				GCC_C_LANGUAGE_STANDARD = gnu99;
				GCC_NO_COMMON_BLOCKS = YES;
				GCC_WARN_64_TO_32_BIT_CONVERSION = YES;
				GCC_WARN_ABOUT_RETURN_TYPE = YES_ERROR;
				GCC_WARN_UNDECLARED_SELECTOR = YES;
				GCC_WARN_UNINITIALIZED_AUTOS = YES_AGGRESSIVE;
				GCC_WARN_UNUSED_FUNCTION = YES;
				GCC_WARN_UNUSED_VARIABLE = YES;
				IPHONEOS_DEPLOYMENT_TARGET = 9.3;
				MTL_ENABLE_DEBUG_INFO = NO;
				SDKROOT = iphoneos;
				VALIDATE_PRODUCT = YES;
			};
			name = Release;
		};
		D7242F131D074114007CBEAE /* Debug */ = {
			isa = XCBuildConfiguration;
			buildSettings = {
				ASSETCATALOG_COMPILER_APPICON_NAME = AppIcon;
				INFOPLIST_FILE = retroCalculator/Info.plist;
				LD_RUNPATH_SEARCH_PATHS = "$(inherited) @executable_path/Frameworks";
				PRODUCT_BUNDLE_IDENTIFIER = com.LoopLoc.retroCalculator;
				PRODUCT_NAME = "$(TARGET_NAME)";
			};
			name = Debug;
		};
		D7242F141D074114007CBEAE /* Release */ = {
			isa = XCBuildConfiguration;
			buildSettings = {
				ASSETCATALOG_COMPILER_APPICON_NAME = AppIcon;
				INFOPLIST_FILE = retroCalculator/Info.plist;
				LD_RUNPATH_SEARCH_PATHS = "$(inherited) @executable_path/Frameworks";
				PRODUCT_BUNDLE_IDENTIFIER = com.LoopLoc.retroCalculator;
				PRODUCT_NAME = "$(TARGET_NAME)";
			};
			name = Release;
		};
/* End XCBuildConfiguration section */

/* Begin XCConfigurationList section */
		D7242EFB1D074114007CBEAE /* Build configuration list for PBXProject "retroCalculator" */ = {
			isa = XCConfigurationList;
			buildConfigurations = (
				D7242F101D074114007CBEAE /* Debug */,
				D7242F111D074114007CBEAE /* Release */,
			);
			defaultConfigurationIsVisible = 0;
			defaultConfigurationName = Release;
		};
		D7242F121D074114007CBEAE /* Build configuration list for PBXNativeTarget "retroCalculator" */ = {
			isa = XCConfigurationList;
			buildConfigurations = (
				D7242F131D074114007CBEAE /* Debug */,
				D7242F141D074114007CBEAE /* Release */,
			);
			defaultConfigurationIsVisible = 0;
		};
/* End XCConfigurationList section */
	};
	rootObject = D7242EF81D074114007CBEAE /* Project object */;
}
