// !$*UTF8*$!
{
	archiveVersion = 1;
	classes = {
	};
	objectVersion = 46;
	objects = {

/* Begin PBXBuildFile section */
		D73E14C31CFE2FDC001DD79B /* AppDelegate.swift in Sources */ = {isa = PBXBuildFile; fileRef = D73E14C21CFE2FDC001DD79B /* AppDelegate.swift */; };
		D73E14C51CFE2FDC001DD79B /* ViewController.swift in Sources */ = {isa = PBXBuildFile; fileRef = D73E14C41CFE2FDC001DD79B /* ViewController.swift */; };
		D73E14C81CFE2FDC001DD79B /* Main.storyboard in Resources */ = {isa = PBXBuildFile; fileRef = D73E14C61CFE2FDC001DD79B /* Main.storyboard */; };
		D73E14CA1CFE2FDC001DD79B /* Assets.xcassets in Resources */ = {isa = PBXBuildFile; fileRef = D73E14C91CFE2FDC001DD79B /* Assets.xcassets */; };
		D73E14CD1CFE2FDC001DD79B /* LaunchScreen.storyboard in Resources */ = {isa = PBXBuildFile; fileRef = D73E14CB1CFE2FDC001DD79B /* LaunchScreen.storyboard */; };
/* End PBXBuildFile section */

/* Begin PBXFileReference section */
		D73E14BF1CFE2FDC001DD79B /* blah.app */ = {isa = PBXFileReference; explicitFileType = wrapper.application; includeInIndex = 0; path = blah.app; sourceTree = BUILT_PRODUCTS_DIR; };
		D73E14C21CFE2FDC001DD79B /* AppDelegate.swift */ = {isa = PBXFileReference; lastKnownFileType = sourcecode.swift; path = AppDelegate.swift; sourceTree = "<group>"; };
		D73E14C41CFE2FDC001DD79B /* ViewController.swift */ = {isa = PBXFileReference; lastKnownFileType = sourcecode.swift; path = ViewController.swift; sourceTree = "<group>"; };
		D73E14C71CFE2FDC001DD79B /* Base */ = {isa = PBXFileReference; lastKnownFileType = file.storyboard; name = Base; path = Base.lproj/Main.storyboard; sourceTree = "<group>"; };
		D73E14C91CFE2FDC001DD79B /* Assets.xcassets */ = {isa = PBXFileReference; lastKnownFileType = folder.assetcatalog; path = Assets.xcassets; sourceTree = "<group>"; };
		D73E14CC1CFE2FDC001DD79B /* Base */ = {isa = PBXFileReference; lastKnownFileType = file.storyboard; name = Base; path = Base.lproj/LaunchScreen.storyboard; sourceTree = "<group>"; };
		D73E14CE1CFE2FDC001DD79B /* Info.plist */ = {isa = PBXFileReference; lastKnownFileType = text.plist.xml; path = Info.plist; sourceTree = "<group>"; };
/* End PBXFileReference section */

/* Begin PBXFrameworksBuildPhase section */
		D73E14BC1CFE2FDC001DD79B /* Frameworks */ = {
			isa = PBXFrameworksBuildPhase;
			buildActionMask = 2147483647;
			files = (
			);
			runOnlyForDeploymentPostprocessing = 0;
		};
/* End PBXFrameworksBuildPhase section */

/* Begin PBXGroup section */
		D73E14B61CFE2FDC001DD79B = {
			isa = PBXGroup;
			children = (
				D73E14C11CFE2FDC001DD79B /* blah */,
				D73E14C01CFE2FDC001DD79B /* Products */,
			);
			sourceTree = "<group>";
		};
		D73E14C01CFE2FDC001DD79B /* Products */ = {
			isa = PBXGroup;
			children = (
				D73E14BF1CFE2FDC001DD79B /* blah.app */,
			);
			name = Products;
			sourceTree = "<group>";
		};
		D73E14C11CFE2FDC001DD79B /* blah */ = {
			isa = PBXGroup;
			children = (
				D73E14C21CFE2FDC001DD79B /* AppDelegate.swift */,
				D73E14C41CFE2FDC001DD79B /* ViewController.swift */,
				D73E14C61CFE2FDC001DD79B /* Main.storyboard */,
				D73E14C91CFE2FDC001DD79B /* Assets.xcassets */,
				D73E14CB1CFE2FDC001DD79B /* LaunchScreen.storyboard */,
				D73E14CE1CFE2FDC001DD79B /* Info.plist */,
			);
			path = blah;
			sourceTree = "<group>";
		};
/* End PBXGroup section */

/* Begin PBXNativeTarget section */
		D73E14BE1CFE2FDC001DD79B /* blah */ = {
			isa = PBXNativeTarget;
			buildConfigurationList = D73E14D11CFE2FDC001DD79B /* Build configuration list for PBXNativeTarget "blah" */;
			buildPhases = (
				D73E14BB1CFE2FDC001DD79B /* Sources */,
				D73E14BC1CFE2FDC001DD79B /* Frameworks */,
				D73E14BD1CFE2FDC001DD79B /* Resources */,
			);
			buildRules = (
			);
			dependencies = (
			);
			name = blah;
			productName = blah;
			productReference = D73E14BF1CFE2FDC001DD79B /* blah.app */;
			productType = "com.apple.product-type.application";
		};
/* End PBXNativeTarget section */

/* Begin PBXProject section */
		D73E14B71CFE2FDC001DD79B /* Project object */ = {
			isa = PBXProject;
			attributes = {
				LastSwiftUpdateCheck = 0730;
				LastUpgradeCheck = 0730;
				ORGANIZATIONNAME = "Loop-Loc";
				TargetAttributes = {
					D73E14BE1CFE2FDC001DD79B = {
						CreatedOnToolsVersion = 7.3.1;
					};
				};
			};
			buildConfigurationList = D73E14BA1CFE2FDC001DD79B /* Build configuration list for PBXProject "blah" */;
			compatibilityVersion = "Xcode 3.2";
			developmentRegion = English;
			hasScannedForEncodings = 0;
			knownRegions = (
				en,
				Base,
			);
			mainGroup = D73E14B61CFE2FDC001DD79B;
			productRefGroup = D73E14C01CFE2FDC001DD79B /* Products */;
			projectDirPath = "";
			projectRoot = "";
			targets = (
				D73E14BE1CFE2FDC001DD79B /* blah */,
			);
		};
/* End PBXProject section */

/* Begin PBXResourcesBuildPhase section */
		D73E14BD1CFE2FDC001DD79B /* Resources */ = {
			isa = PBXResourcesBuildPhase;
			buildActionMask = 2147483647;
			files = (
				D73E14CD1CFE2FDC001DD79B /* LaunchScreen.storyboard in Resources */,
				D73E14CA1CFE2FDC001DD79B /* Assets.xcassets in Resources */,
				D73E14C81CFE2FDC001DD79B /* Main.storyboard in Resources */,
			);
			runOnlyForDeploymentPostprocessing = 0;
		};
/* End PBXResourcesBuildPhase section */

/* Begin PBXSourcesBuildPhase section */
		D73E14BB1CFE2FDC001DD79B /* Sources */ = {
			isa = PBXSourcesBuildPhase;
			buildActionMask = 2147483647;
			files = (
				D73E14C51CFE2FDC001DD79B /* ViewController.swift in Sources */,
				D73E14C31CFE2FDC001DD79B /* AppDelegate.swift in Sources */,
			);
			runOnlyForDeploymentPostprocessing = 0;
		};
/* End PBXSourcesBuildPhase section */

/* Begin PBXVariantGroup section */
		D73E14C61CFE2FDC001DD79B /* Main.storyboard */ = {
			isa = PBXVariantGroup;
			children = (
				D73E14C71CFE2FDC001DD79B /* Base */,
			);
			name = Main.storyboard;
			sourceTree = "<group>";
		};
		D73E14CB1CFE2FDC001DD79B /* LaunchScreen.storyboard */ = {
			isa = PBXVariantGroup;
			children = (
				D73E14CC1CFE2FDC001DD79B /* Base */,
			);
			name = LaunchScreen.storyboard;
			sourceTree = "<group>";
		};
/* End PBXVariantGroup section */

/* Begin XCBuildConfiguration section */
		D73E14CF1CFE2FDC001DD79B /* Debug */ = {
			isa = XCBuildConfiguration;
			buildSettings = {
				ALWAYS_SEARCH_USER_PATHS = NO;
				CLANG_ANALYZER_NONNULL = YES;
				CLANG_CXX_LANGUAGE_STANDARD = "gnu++0x";
				CLANG_CXX_LIBRARY = "libc++";
				CLANG_ENABLE_MODULES = YES;
				CLANG_ENABLE_OBJC_ARC = YES;
				CLANG_WARN_BOOL_CONVERSION = YES;
				CLANG_WARN_CONSTANT_CONVERSION = YES;
				CLANG_WARN_DIRECT_OBJC_ISA_USAGE = YES_ERROR;
				CLANG_WARN_EMPTY_BODY = YES;
				CLANG_WARN_ENUM_CONVERSION = YES;
				CLANG_WARN_INT_CONVERSION = YES;
				CLANG_WARN_OBJC_ROOT_CLASS = YES_ERROR;
				CLANG_WARN_UNREACHABLE_CODE = YES;
				CLANG_WARN__DUPLICATE_METHOD_MATCH = YES;
				"CODE_SIGN_IDENTITY[sdk=iphoneos*]" = "iPhone Developer";
				COPY_PHASE_STRIP = NO;
				DEBUG_INFORMATION_FORMAT = dwarf;
				ENABLE_STRICT_OBJC_MSGSEND = YES;
				ENABLE_TESTABILITY = YES;
				GCC_C_LANGUAGE_STANDARD = gnu99;
				GCC_DYNAMIC_NO_PIC = NO;
				GCC_NO_COMMON_BLOCKS = YES;
				GCC_OPTIMIZATION_LEVEL = 0;
				GCC_PREPROCESSOR_DEFINITIONS = (
					"DEBUG=1",
					"$(inherited)",
				);
				GCC_WARN_64_TO_32_BIT_CONVERSION = YES;
				GCC_WARN_ABOUT_RETURN_TYPE = YES_ERROR;
				GCC_WARN_UNDECLARED_SELECTOR = YES;
				GCC_WARN_UNINITIALIZED_AUTOS = YES_AGGRESSIVE;
				GCC_WARN_UNUSED_FUNCTION = YES;
				GCC_WARN_UNUSED_VARIABLE = YES;
				IPHONEOS_DEPLOYMENT_TARGET = 9.3;
				MTL_ENABLE_DEBUG_INFO = YES;
				ONLY_ACTIVE_ARCH = YES;
				SDKROOT = iphoneos;
				SWIFT_OPTIMIZATION_LEVEL = "-Onone";
			};
			name = Debug;
		};
		D73E14D01CFE2FDC001DD79B /* Release */ = {
			isa = XCBuildConfiguration;
			buildSettings = {
				ALWAYS_SEARCH_USER_PATHS = NO;
				CLANG_ANALYZER_NONNULL = YES;
				CLANG_CXX_LANGUAGE_STANDARD = "gnu++0x";
				CLANG_CXX_LIBRARY = "libc++";
				CLANG_ENABLE_MODULES = YES;
				CLANG_ENABLE_OBJC_ARC = YES;
				CLANG_WARN_BOOL_CONVERSION = YES;
				CLANG_WARN_CONSTANT_CONVERSION = YES;
				CLANG_WARN_DIRECT_OBJC_ISA_USAGE = YES_ERROR;
				CLANG_WARN_EMPTY_BODY = YES;
				CLANG_WARN_ENUM_CONVERSION = YES;
				CLANG_WARN_INT_CONVERSION = YES;
				CLANG_WARN_OBJC_ROOT_CLASS = YES_ERROR;
				CLANG_WARN_UNREACHABLE_CODE = YES;
				CLANG_WARN__DUPLICATE_METHOD_MATCH = YES;
				"CODE_SIGN_IDENTITY[sdk=iphoneos*]" = "iPhone Developer";
				COPY_PHASE_STRIP = NO;
				DEBUG_INFORMATION_FORMAT = "dwarf-with-dsym";
				ENABLE_NS_ASSERTIONS = NO;
				ENABLE_STRICT_OBJC_MSGSEND = YES;
				GCC_C_LANGUAGE_STANDARD = gnu99;
				GCC_NO_COMMON_BLOCKS = YES;
				GCC_WARN_64_TO_32_BIT_CONVERSION = YES;
				GCC_WARN_ABOUT_RETURN_TYPE = YES_ERROR;
				GCC_WARN_UNDECLARED_SELECTOR = YES;
				GCC_WARN_UNINITIALIZED_AUTOS = YES_AGGRESSIVE;
				GCC_WARN_UNUSED_FUNCTION = YES;
				GCC_WARN_UNUSED_VARIABLE = YES;
				IPHONEOS_DEPLOYMENT_TARGET = 9.3;
				MTL_ENABLE_DEBUG_INFO = NO;
				SDKROOT = iphoneos;
				VALIDATE_PRODUCT = YES;
			};
			name = Release;
		};
		D73E14D21CFE2FDC001DD79B /* Debug */ = {
			isa = XCBuildConfiguration;
			buildSettings = {
				ASSETCATALOG_COMPILER_APPICON_NAME = AppIcon;
				INFOPLIST_FILE = blah/Info.plist;
				LD_RUNPATH_SEARCH_PATHS = "$(inherited) @executable_path/Frameworks";
				PRODUCT_BUNDLE_IDENTIFIER = com.LoopLoc.blah;
				PRODUCT_NAME = "$(TARGET_NAME)";
			};
			name = Debug;
		};
		D73E14D31CFE2FDC001DD79B /* Release */ = {
			isa = XCBuildConfiguration;
			buildSettings = {
				ASSETCATALOG_COMPILER_APPICON_NAME = AppIcon;
				INFOPLIST_FILE = blah/Info.plist;
				LD_RUNPATH_SEARCH_PATHS = "$(inherited) @executable_path/Frameworks";
				PRODUCT_BUNDLE_IDENTIFIER = com.LoopLoc.blah;
				PRODUCT_NAME = "$(TARGET_NAME)";
			};
			name = Release;
		};
/* End XCBuildConfiguration section */

/* Begin XCConfigurationList section */
		D73E14BA1CFE2FDC001DD79B /* Build configuration list for PBXProject "blah" */ = {
			isa = XCConfigurationList;
			buildConfigurations = (
				D73E14CF1CFE2FDC001DD79B /* Debug */,
				D73E14D01CFE2FDC001DD79B /* Release */,
			);
			defaultConfigurationIsVisible = 0;
			defaultConfigurationName = Release;
		};
		D73E14D11CFE2FDC001DD79B /* Build configuration list for PBXNativeTarget "blah" */ = {
			isa = XCConfigurationList;
			buildConfigurations = (
				D73E14D21CFE2FDC001DD79B /* Debug */,
				D73E14D31CFE2FDC001DD79B /* Release */,
			);
			defaultConfigurationIsVisible = 0;
		};
/* End XCConfigurationList section */
	};
	rootObject = D73E14B71CFE2FDC001DD79B /* Project object */;
}
