// !$*UTF8*$!
{
	archiveVersion = 1;
	classes = {
	};
	objectVersion = 46;
	objects = {

/* Begin PBXBuildFile section */
		D7C7656F1D22DDBA00D04E58 /* AppDelegate.swift in Sources */ = {isa = PBXBuildFile; fileRef = D7C7656E1D22DDBA00D04E58 /* AppDelegate.swift */; };
		D7C765711D22DDBA00D04E58 /* YellowVC.swift in Sources */ = {isa = PBXBuildFile; fileRef = D7C765701D22DDBA00D04E58 /* YellowVC.swift */; };
		D7C765771D22DDBA00D04E58 /* no_storyboards.xcdatamodeld in Sources */ = {isa = PBXBuildFile; fileRef = D7C765751D22DDBA00D04E58 /* no_storyboards.xcdatamodeld */; };
		D7C765791D22DDBA00D04E58 /* Assets.xcassets in Resources */ = {isa = PBXBuildFile; fileRef = D7C765781D22DDBA00D04E58 /* Assets.xcassets */; };
		D7C7657C1D22DDBA00D04E58 /* LaunchScreen.storyboard in Resources */ = {isa = PBXBuildFile; fileRef = D7C7657A1D22DDBA00D04E58 /* LaunchScreen.storyboard */; };
		D7C765841D22DE5000D04E58 /* YellowVC.xib in Resources */ = {isa = PBXBuildFile; fileRef = D7C765831D22DE5000D04E58 /* YellowVC.xib */; };
		D7C7658A1D22E35800D04E58 /* BlueVC.swift in Sources */ = {isa = PBXBuildFile; fileRef = D7C765881D22E35800D04E58 /* BlueVC.swift */; };
		D7C7658B1D22E35800D04E58 /* BlueVC.xib in Resources */ = {isa = PBXBuildFile; fileRef = D7C765891D22E35800D04E58 /* BlueVC.xib */; };
/* End PBXBuildFile section */

/* Begin PBXFileReference section */
		D7C7656B1D22DDBA00D04E58 /* no-storyboards.app */ = {isa = PBXFileReference; explicitFileType = wrapper.application; includeInIndex = 0; path = "no-storyboards.app"; sourceTree = BUILT_PRODUCTS_DIR; };
		D7C7656E1D22DDBA00D04E58 /* AppDelegate.swift */ = {isa = PBXFileReference; lastKnownFileType = sourcecode.swift; path = AppDelegate.swift; sourceTree = "<group>"; };
		D7C765701D22DDBA00D04E58 /* YellowVC.swift */ = {isa = PBXFileReference; lastKnownFileType = sourcecode.swift; path = YellowVC.swift; sourceTree = "<group>"; };
		D7C765761D22DDBA00D04E58 /* no_storyboards.xcdatamodel */ = {isa = PBXFileReference; lastKnownFileType = wrapper.xcdatamodel; path = no_storyboards.xcdatamodel; sourceTree = "<group>"; };
		D7C765781D22DDBA00D04E58 /* Assets.xcassets */ = {isa = PBXFileReference; lastKnownFileType = folder.assetcatalog; path = Assets.xcassets; sourceTree = "<group>"; };
		D7C7657B1D22DDBA00D04E58 /* Base */ = {isa = PBXFileReference; lastKnownFileType = file.storyboard; name = Base; path = Base.lproj/LaunchScreen.storyboard; sourceTree = "<group>"; };
		D7C7657D1D22DDBA00D04E58 /* Info.plist */ = {isa = PBXFileReference; lastKnownFileType = text.plist.xml; path = Info.plist; sourceTree = "<group>"; };
		D7C765831D22DE5000D04E58 /* YellowVC.xib */ = {isa = PBXFileReference; fileEncoding = 4; lastKnownFileType = file.xib; path = YellowVC.xib; sourceTree = "<group>"; };
		D7C765881D22E35800D04E58 /* BlueVC.swift */ = {isa = PBXFileReference; fileEncoding = 4; lastKnownFileType = sourcecode.swift; path = BlueVC.swift; sourceTree = "<group>"; };
		D7C765891D22E35800D04E58 /* BlueVC.xib */ = {isa = PBXFileReference; fileEncoding = 4; lastKnownFileType = file.xib; path = BlueVC.xib; sourceTree = "<group>"; };
/* End PBXFileReference section */

/* Begin PBXFrameworksBuildPhase section */
		D7C765681D22DDBA00D04E58 /* Frameworks */ = {
			isa = PBXFrameworksBuildPhase;
			buildActionMask = 2147483647;
			files = (
			);
			runOnlyForDeploymentPostprocessing = 0;
		};
/* End PBXFrameworksBuildPhase section */

/* Begin PBXGroup section */
		D7C765621D22DDBA00D04E58 = {
			isa = PBXGroup;
			children = (
				D7C7656D1D22DDBA00D04E58 /* no-storyboards */,
				D7C7656C1D22DDBA00D04E58 /* Products */,
			);
			sourceTree = "<group>";
		};
		D7C7656C1D22DDBA00D04E58 /* Products */ = {
			isa = PBXGroup;
			children = (
				D7C7656B1D22DDBA00D04E58 /* no-storyboards.app */,
			);
			name = Products;
			sourceTree = "<group>";
		};
		D7C7656D1D22DDBA00D04E58 /* no-storyboards */ = {
			isa = PBXGroup;
			children = (
				D7C765871D22DE6200D04E58 /* Controller */,
				D7C765861D22DE5D00D04E58 /* View */,
				D7C765851D22DE5700D04E58 /* Model */,
				D7C7656E1D22DDBA00D04E58 /* AppDelegate.swift */,
				D7C765781D22DDBA00D04E58 /* Assets.xcassets */,
				D7C7657A1D22DDBA00D04E58 /* LaunchScreen.storyboard */,
				D7C7657D1D22DDBA00D04E58 /* Info.plist */,
				D7C765751D22DDBA00D04E58 /* no_storyboards.xcdatamodeld */,
			);
			path = "no-storyboards";
			sourceTree = "<group>";
		};
		D7C765851D22DE5700D04E58 /* Model */ = {
			isa = PBXGroup;
			children = (
			);
			name = Model;
			sourceTree = "<group>";
		};
		D7C765861D22DE5D00D04E58 /* View */ = {
			isa = PBXGroup;
			children = (
				D7C765891D22E35800D04E58 /* BlueVC.xib */,
				D7C765831D22DE5000D04E58 /* YellowVC.xib */,
			);
			name = View;
			sourceTree = "<group>";
		};
		D7C765871D22DE6200D04E58 /* Controller */ = {
			isa = PBXGroup;
			children = (
				D7C765881D22E35800D04E58 /* BlueVC.swift */,
				D7C765701D22DDBA00D04E58 /* YellowVC.swift */,
			);
			name = Controller;
			sourceTree = "<group>";
		};
/* End PBXGroup section */

/* Begin PBXNativeTarget section */
		D7C7656A1D22DDBA00D04E58 /* no-storyboards */ = {
			isa = PBXNativeTarget;
			buildConfigurationList = D7C765801D22DDBA00D04E58 /* Build configuration list for PBXNativeTarget "no-storyboards" */;
			buildPhases = (
				D7C765671D22DDBA00D04E58 /* Sources */,
				D7C765681D22DDBA00D04E58 /* Frameworks */,
				D7C765691D22DDBA00D04E58 /* Resources */,
			);
			buildRules = (
			);
			dependencies = (
			);
			name = "no-storyboards";
			productName = "no-storyboards";
			productReference = D7C7656B1D22DDBA00D04E58 /* no-storyboards.app */;
			productType = "com.apple.product-type.application";
		};
/* End PBXNativeTarget section */

/* Begin PBXProject section */
		D7C765631D22DDBA00D04E58 /* Project object */ = {
			isa = PBXProject;
			attributes = {
				LastSwiftUpdateCheck = 0730;
				LastUpgradeCheck = 0730;
				ORGANIZATIONNAME = "Loop-Loc";
				TargetAttributes = {
					D7C7656A1D22DDBA00D04E58 = {
						CreatedOnToolsVersion = 7.3.1;
					};
				};
			};
			buildConfigurationList = D7C765661D22DDBA00D04E58 /* Build configuration list for PBXProject "no-storyboards" */;
			compatibilityVersion = "Xcode 3.2";
			developmentRegion = English;
			hasScannedForEncodings = 0;
			knownRegions = (
				en,
				Base,
			);
			mainGroup = D7C765621D22DDBA00D04E58;
			productRefGroup = D7C7656C1D22DDBA00D04E58 /* Products */;
			projectDirPath = "";
			projectRoot = "";
			targets = (
				D7C7656A1D22DDBA00D04E58 /* no-storyboards */,
			);
		};
/* End PBXProject section */

/* Begin PBXResourcesBuildPhase section */
		D7C765691D22DDBA00D04E58 /* Resources */ = {
			isa = PBXResourcesBuildPhase;
			buildActionMask = 2147483647;
			files = (
				D7C7658B1D22E35800D04E58 /* BlueVC.xib in Resources */,
				D7C7657C1D22DDBA00D04E58 /* LaunchScreen.storyboard in Resources */,
				D7C765841D22DE5000D04E58 /* YellowVC.xib in Resources */,
				D7C765791D22DDBA00D04E58 /* Assets.xcassets in Resources */,
			);
			runOnlyForDeploymentPostprocessing = 0;
		};
/* End PBXResourcesBuildPhase section */

/* Begin PBXSourcesBuildPhase section */
		D7C765671D22DDBA00D04E58 /* Sources */ = {
			isa = PBXSourcesBuildPhase;
			buildActionMask = 2147483647;
			files = (
				D7C7658A1D22E35800D04E58 /* BlueVC.swift in Sources */,
				D7C765711D22DDBA00D04E58 /* YellowVC.swift in Sources */,
				D7C7656F1D22DDBA00D04E58 /* AppDelegate.swift in Sources */,
				D7C765771D22DDBA00D04E58 /* no_storyboards.xcdatamodeld in Sources */,
			);
			runOnlyForDeploymentPostprocessing = 0;
		};
/* End PBXSourcesBuildPhase section */

/* Begin PBXVariantGroup section */
		D7C7657A1D22DDBA00D04E58 /* LaunchScreen.storyboard */ = {
			isa = PBXVariantGroup;
			children = (
				D7C7657B1D22DDBA00D04E58 /* Base */,
			);
			name = LaunchScreen.storyboard;
			sourceTree = "<group>";
		};
/* End PBXVariantGroup section */

/* Begin XCBuildConfiguration section */
		D7C7657E1D22DDBA00D04E58 /* Debug */ = {
			isa = XCBuildConfiguration;
			buildSettings = {
				ALWAYS_SEARCH_USER_PATHS = NO;
				CLANG_ANALYZER_NONNULL = YES;
				CLANG_CXX_LANGUAGE_STANDARD = "gnu++0x";
				CLANG_CXX_LIBRARY = "libc++";
				CLANG_ENABLE_MODULES = YES;
				CLANG_ENABLE_OBJC_ARC = YES;
				CLANG_WARN_BOOL_CONVERSION = YES;
				CLANG_WARN_CONSTANT_CONVERSION = YES;
				CLANG_WARN_DIRECT_OBJC_ISA_USAGE = YES_ERROR;
				CLANG_WARN_EMPTY_BODY = YES;
				CLANG_WARN_ENUM_CONVERSION = YES;
				CLANG_WARN_INT_CONVERSION = YES;
				CLANG_WARN_OBJC_ROOT_CLASS = YES_ERROR;
				CLANG_WARN_UNREACHABLE_CODE = YES;
				CLANG_WARN__DUPLICATE_METHOD_MATCH = YES;
				"CODE_SIGN_IDENTITY[sdk=iphoneos*]" = "iPhone Developer";
				COPY_PHASE_STRIP = NO;
				DEBUG_INFORMATION_FORMAT = dwarf;
				ENABLE_STRICT_OBJC_MSGSEND = YES;
				ENABLE_TESTABILITY = YES;
				GCC_C_LANGUAGE_STANDARD = gnu99;
				GCC_DYNAMIC_NO_PIC = NO;
				GCC_NO_COMMON_BLOCKS = YES;
				GCC_OPTIMIZATION_LEVEL = 0;
				GCC_PREPROCESSOR_DEFINITIONS = (
					"DEBUG=1",
					"$(inherited)",
				);
				GCC_WARN_64_TO_32_BIT_CONVERSION = YES;
				GCC_WARN_ABOUT_RETURN_TYPE = YES_ERROR;
				GCC_WARN_UNDECLARED_SELECTOR = YES;
				GCC_WARN_UNINITIALIZED_AUTOS = YES_AGGRESSIVE;
				GCC_WARN_UNUSED_FUNCTION = YES;
				GCC_WARN_UNUSED_VARIABLE = YES;
				IPHONEOS_DEPLOYMENT_TARGET = 9.3;
				MTL_ENABLE_DEBUG_INFO = YES;
				ONLY_ACTIVE_ARCH = YES;
				SDKROOT = iphoneos;
				SWIFT_OPTIMIZATION_LEVEL = "-Onone";
			};
			name = Debug;
		};
		D7C7657F1D22DDBA00D04E58 /* Release */ = {
			isa = XCBuildConfiguration;
			buildSettings = {
				ALWAYS_SEARCH_USER_PATHS = NO;
				CLANG_ANALYZER_NONNULL = YES;
				CLANG_CXX_LANGUAGE_STANDARD = "gnu++0x";
				CLANG_CXX_LIBRARY = "libc++";
				CLANG_ENABLE_MODULES = YES;
				CLANG_ENABLE_OBJC_ARC = YES;
				CLANG_WARN_BOOL_CONVERSION = YES;
				CLANG_WARN_CONSTANT_CONVERSION = YES;
				CLANG_WARN_DIRECT_OBJC_ISA_USAGE = YES_ERROR;
				CLANG_WARN_EMPTY_BODY = YES;
				CLANG_WARN_ENUM_CONVERSION = YES;
				CLANG_WARN_INT_CONVERSION = YES;
				CLANG_WARN_OBJC_ROOT_CLASS = YES_ERROR;
				CLANG_WARN_UNREACHABLE_CODE = YES;
				CLANG_WARN__DUPLICATE_METHOD_MATCH = YES;
				"CODE_SIGN_IDENTITY[sdk=iphoneos*]" = "iPhone Developer";
				COPY_PHASE_STRIP = NO;
				DEBUG_INFORMATION_FORMAT = "dwarf-with-dsym";
				ENABLE_NS_ASSERTIONS = NO;
				ENABLE_STRICT_OBJC_MSGSEND = YES;
				GCC_C_LANGUAGE_STANDARD = gnu99;
				GCC_NO_COMMON_BLOCKS = YES;
				GCC_WARN_64_TO_32_BIT_CONVERSION = YES;
				GCC_WARN_ABOUT_RETURN_TYPE = YES_ERROR;
				GCC_WARN_UNDECLARED_SELECTOR = YES;
				GCC_WARN_UNINITIALIZED_AUTOS = YES_AGGRESSIVE;
				GCC_WARN_UNUSED_FUNCTION = YES;
				GCC_WARN_UNUSED_VARIABLE = YES;
				IPHONEOS_DEPLOYMENT_TARGET = 9.3;
				MTL_ENABLE_DEBUG_INFO = NO;
				SDKROOT = iphoneos;
				VALIDATE_PRODUCT = YES;
			};
			name = Release;
		};
		D7C765811D22DDBA00D04E58 /* Debug */ = {
			isa = XCBuildConfiguration;
			buildSettings = {
				ASSETCATALOG_COMPILER_APPICON_NAME = AppIcon;
				INFOPLIST_FILE = "no-storyboards/Info.plist";
				LD_RUNPATH_SEARCH_PATHS = "$(inherited) @executable_path/Frameworks";
				PRODUCT_BUNDLE_IDENTIFIER = "com.LoopLoc.no-storyboards";
				PRODUCT_NAME = "$(TARGET_NAME)";
			};
			name = Debug;
		};
		D7C765821D22DDBA00D04E58 /* Release */ = {
			isa = XCBuildConfiguration;
			buildSettings = {
				ASSETCATALOG_COMPILER_APPICON_NAME = AppIcon;
				INFOPLIST_FILE = "no-storyboards/Info.plist";
				LD_RUNPATH_SEARCH_PATHS = "$(inherited) @executable_path/Frameworks";
				PRODUCT_BUNDLE_IDENTIFIER = "com.LoopLoc.no-storyboards";
				PRODUCT_NAME = "$(TARGET_NAME)";
			};
			name = Release;
		};
/* End XCBuildConfiguration section */

/* Begin XCConfigurationList section */
		D7C765661D22DDBA00D04E58 /* Build configuration list for PBXProject "no-storyboards" */ = {
			isa = XCConfigurationList;
			buildConfigurations = (
				D7C7657E1D22DDBA00D04E58 /* Debug */,
				D7C7657F1D22DDBA00D04E58 /* Release */,
			);
			defaultConfigurationIsVisible = 0;
			defaultConfigurationName = Release;
		};
		D7C765801D22DDBA00D04E58 /* Build configuration list for PBXNativeTarget "no-storyboards" */ = {
			isa = XCConfigurationList;
			buildConfigurations = (
				D7C765811D22DDBA00D04E58 /* Debug */,
				D7C765821D22DDBA00D04E58 /* Release */,
			);
			defaultConfigurationIsVisible = 0;
		};
/* End XCConfigurationList section */

/* Begin XCVersionGroup section */
		D7C765751D22DDBA00D04E58 /* no_storyboards.xcdatamodeld */ = {
			isa = XCVersionGroup;
			children = (
				D7C765761D22DDBA00D04E58 /* no_storyboards.xcdatamodel */,
			);
			currentVersion = D7C765761D22DDBA00D04E58 /* no_storyboards.xcdatamodel */;
			path = no_storyboards.xcdatamodeld;
			sourceTree = "<group>";
			versionGroupType = wrapper.xcdatamodel;
		};
/* End XCVersionGroup section */
	};
	rootObject = D7C765631D22DDBA00D04E58 /* Project object */;
}
